github.com/wzshiming/gotype v0.6.3 h1:fERZgrQswld5dfAlW0+G4ZyKyrUptipoiCNKUK6BGA4=
github.com/wzshiming/gotype v0.6.3/go.mod h1:7YULvVsDObRVX2U6iUcF5hixYvHFavLsTSIW26c5GLM=
github.com/wzshiming/inject v0.1.0 h1:jIxBvu1uZu1hmTtlVT8KyBqXNKwWZoM7+AipVCLr2bE=
github.com/wzshiming/inject v0.1.0/go.mod h1:TMwIIbf/euizgbEFavNdWAudPr7tO9kM0UOLxJJgJkY=
github.com/wzshiming/namecase v0.2.0 h1:zRWDTVN8Yfzz9YfpOuM/TpYza/HRO9SrWAR6l9mMpKQ=
github.com/wzshiming/namecase v0.2.0/go.mod h1:FJT9Q8a289dtinO3AJUDKqRP9UQzq9UxpWDevdDVvYA=
